
Microsoft Visual Studio Solution File, Format Version 12.00
# Visual Studio 14
VisualStudioVersion = 14.0.25420.1
MinimumVisualStudioVersion = 10.0.40219.1
Project("{FAE04EC0-301F-11D3-BF4B-00C04F79EFBC}") = "SchoolManagingSystem", "SchoolManagingSystem\SchoolManagingSystem.csproj", "{EF7208BE-983B-4B7B-AE1F-503497BBB40E}"
EndProject
Project("{00D1A9C2-B5F0-4AF3-8072-F6C62B433612}") = "SchoolDatabase", "SchoolDatabase\SchoolDatabase.sqlproj", "{7B0920EA-C8B1-4C0C-8E77-3999F1604E1A}"
EndProject
Global
	GlobalSection(SolutionConfigurationPlatforms) = preSolution
		Debug|Any CPU = Debug|Any CPU
		Release|Any CPU = Release|Any CPU
	EndGlobalSection
	GlobalSection(ProjectConfigurationPlatforms) = postSolution
		{EF7208BE-983B-4B7B-AE1F-503497BBB40E}.Debug|Any CPU.ActiveCfg = Debug|Any CPU
		{EF7208BE-983B-4B7B-AE1F-503497BBB40E}.Debug|Any CPU.Build.0 = Debug|Any CPU
		{EF7208BE-983B-4B7B-AE1F-503497BBB40E}.Release|Any CPU.ActiveCfg = Release|Any CPU
		{EF7208BE-983B-4B7B-AE1F-503497BBB40E}.Release|Any CPU.Build.0 = Release|Any CPU
		{7B0920EA-C8B1-4C0C-8E77-3999F1604E1A}.Debug|Any CPU.ActiveCfg = Debug|Any CPU
		{7B0920EA-C8B1-4C0C-8E77-3999F1604E1A}.Debug|Any CPU.Build.0 = Debug|Any CPU
		{7B0920EA-C8B1-4C0C-8E77-3999F1604E1A}.Debug|Any CPU.Deploy.0 = Debug|Any CPU
		{7B0920EA-C8B1-4C0C-8E77-3999F1604E1A}.Release|Any CPU.ActiveCfg = Release|Any CPU
		{7B0920EA-C8B1-4C0C-8E77-3999F1604E1A}.Release|Any CPU.Build.0 = Release|Any CPU
		{7B0920EA-C8B1-4C0C-8E77-3999F1604E1A}.Release|Any CPU.Deploy.0 = Release|Any CPU
	EndGlobalSection
	GlobalSection(SolutionProperties) = preSolution
		HideSolutionNode = FALSE
	EndGlobalSection
EndGlobal
